{
  "nodes": {
    "nixpkgs": {
      "locked": {
        "lastModified": 1665226854,
        "narHash": "sha256-Ze8GRns/ljQyNCs11chxTxKn87a/4gkeENP/5BBbK7Q=",
        "owner": "NickCao",
        "repo": "nixpkgs",
        "rev": "2722dfefb95a552ce1144c526ddaed9a3f227c14",
        "type": "github"
      },
      "original": {
        "owner": "NickCao",
        "ref": "nixos-unstable-small",
        "repo": "nixpkgs",
        "type": "github"
      }
    },
    "root": {
      "inputs": {
        "nixpkgs": "nixpkgs"
      }
    }
  },
  "root": "root",
  "version": 7
}
