github.com/strongswan/govici v0.6.0 h1:QAjc7IIx1c/1P0Hz7yMX91FB5BUNKtyXzfxpuPyBKXE=
github.com/strongswan/govici v0.6.0/go.mod h1:RgO/KrMlFNsRf3dSoxwWSDSV+ASd98n1T+2G3QMEVHE=
github.com/strongswan/govici v0.7.0 h1:m0BaL5hY+2khnQZYDaKJkd4Ji1jFrNzS0fg+GQS7QnE=
github.com/strongswan/govici v0.7.0/go.mod h1:WvC3Lo9kEzjxUb5xNe2B4NczQpa7+cZMIy2x8eZLzSE=
